
Microsoft Visual Studio Solution File, Format Version 12.00
# Visual Studio Version 17
VisualStudioVersion = 17.3.32929.385
MinimumVisualStudioVersion = 10.0.40219.1
Project("{FAE04EC0-301F-11D3-BF4B-00C04F79EFBC}") = "MVCBilleteraVirtual", "MVCBilleteraVirtual\MVCBilleteraVirtual.csproj", "{E2193E75-EA28-47B1-9928-181DA5F0CE85}"
EndProject
Global
	GlobalSection(SolutionConfigurationPlatforms) = preSolution
		Debug|Any CPU = Debug|Any CPU
		Release|Any CPU = Release|Any CPU
	EndGlobalSection
	GlobalSection(ProjectConfigurationPlatforms) = postSolution
		{E2193E75-EA28-47B1-9928-181DA5F0CE85}.Debug|Any CPU.ActiveCfg = Debug|Any CPU
		{E2193E75-EA28-47B1-9928-181DA5F0CE85}.Debug|Any CPU.Build.0 = Debug|Any CPU
		{E2193E75-EA28-47B1-9928-181DA5F0CE85}.Release|Any CPU.ActiveCfg = Release|Any CPU
		{E2193E75-EA28-47B1-9928-181DA5F0CE85}.Release|Any CPU.Build.0 = Release|Any CPU
	EndGlobalSection
	GlobalSection(SolutionProperties) = preSolution
		HideSolutionNode = FALSE
	EndGlobalSection
	GlobalSection(ExtensibilityGlobals) = postSolution
		SolutionGuid = {44DE332D-C5FB-45A5-B51B-EFD138F419D3}
	EndGlobalSection
EndGlobal
